
Microsoft Visual Studio Solution File, Format Version 12.00
# Visual Studio Version 17
VisualStudioVersion = 17.7.34221.43
MinimumVisualStudioVersion = 10.0.40219.1
Project("{FAE04EC0-301F-11D3-BF4B-00C04F79EFBC}") = "CorreoFei", "CorreoFei\CorreoFei.csproj", "{98B6889F-CB7C-477F-9E9E-91F1ABE62D5C}"
EndProject
Global
	GlobalSection(SolutionConfigurationPlatforms) = preSolution
		Debug|Any CPU = Debug|Any CPU
		Release|Any CPU = Release|Any CPU
	EndGlobalSection
	GlobalSection(ProjectConfigurationPlatforms) = postSolution
		{98B6889F-CB7C-477F-9E9E-91F1ABE62D5C}.Debug|Any CPU.ActiveCfg = Debug|Any CPU
		{98B6889F-CB7C-477F-9E9E-91F1ABE62D5C}.Debug|Any CPU.Build.0 = Debug|Any CPU
		{98B6889F-CB7C-477F-9E9E-91F1ABE62D5C}.Release|Any CPU.ActiveCfg = Release|Any CPU
		{98B6889F-CB7C-477F-9E9E-91F1ABE62D5C}.Release|Any CPU.Build.0 = Release|Any CPU
	EndGlobalSection
	GlobalSection(SolutionProperties) = preSolution
		HideSolutionNode = FALSE
	EndGlobalSection
	GlobalSection(ExtensibilityGlobals) = postSolution
		SolutionGuid = {6D6994D8-60B6-4BC1-A501-4D92EC9CB1E7}
	EndGlobalSection
EndGlobal
